
Microsoft Visual Studio Solution File, Format Version 12.00
# Visual Studio Version 17
VisualStudioVersion = 17.9.34701.34
MinimumVisualStudioVersion = 10.0.40219.1
Project("{9A19103F-16F7-4668-BE54-9A1E7A4F7556}") = "AuthorizationInterceptor.Extensions.Redis", "src\AuthorizationInterceptor.Extensions.Redis.csproj", "{8C0C70AE-C2EF-4B40-973B-382A729464C8}"
EndProject
Project("{9A19103F-16F7-4668-BE54-9A1E7A4F7556}") = "AuthorizationInterceptor.Extensions.Redis.Tests", "tests\AuthorizationInterceptor.Extensions.Redis.Tests\AuthorizationInterceptor.Extensions.Redis.Tests.csproj", "{4D741EAA-D3E0-4FA7-852F-B5C25209E5F4}"
EndProject
Global
	GlobalSection(SolutionConfigurationPlatforms) = preSolution
		Debug|Any CPU = Debug|Any CPU
		Release|Any CPU = Release|Any CPU
	EndGlobalSection
	GlobalSection(ProjectConfigurationPlatforms) = postSolution
		{8C0C70AE-C2EF-4B40-973B-382A729464C8}.Debug|Any CPU.ActiveCfg = Debug|Any CPU
		{8C0C70AE-C2EF-4B40-973B-382A729464C8}.Debug|Any CPU.Build.0 = Debug|Any CPU
		{8C0C70AE-C2EF-4B40-973B-382A729464C8}.Release|Any CPU.ActiveCfg = Release|Any CPU
		{8C0C70AE-C2EF-4B40-973B-382A729464C8}.Release|Any CPU.Build.0 = Release|Any CPU
		{4D741EAA-D3E0-4FA7-852F-B5C25209E5F4}.Debug|Any CPU.ActiveCfg = Debug|Any CPU
		{4D741EAA-D3E0-4FA7-852F-B5C25209E5F4}.Debug|Any CPU.Build.0 = Debug|Any CPU
		{4D741EAA-D3E0-4FA7-852F-B5C25209E5F4}.Release|Any CPU.ActiveCfg = Release|Any CPU
		{4D741EAA-D3E0-4FA7-852F-B5C25209E5F4}.Release|Any CPU.Build.0 = Release|Any CPU
	EndGlobalSection
	GlobalSection(SolutionProperties) = preSolution
		HideSolutionNode = FALSE
	EndGlobalSection
	GlobalSection(ExtensibilityGlobals) = postSolution
		SolutionGuid = {D7F48777-6E9D-4623-AFE7-C0AF2C7246AB}
	EndGlobalSection
EndGlobal
